// !$*UTF8*$!
{
	archiveVersion = 1;
	classes = {
	};
	objectVersion = 56;
	objects = {

/* Begin PBXBuildFile section */
		85253E1829E8420900FDB0A9 /* AppDelegate.swift in Sources */ = {isa = PBXBuildFile; fileRef = 85253E1729E8420900FDB0A9 /* AppDelegate.swift */; };
		85253E1A29E8420900FDB0A9 /* SceneDelegate.swift in Sources */ = {isa = PBXBuildFile; fileRef = 85253E1929E8420900FDB0A9 /* SceneDelegate.swift */; };
		85253E1C29E8420900FDB0A9 /* MainViewController.swift in Sources */ = {isa = PBXBuildFile; fileRef = 85253E1B29E8420900FDB0A9 /* MainViewController.swift */; };
		85253E1F29E8420900FDB0A9 /* Main.storyboard in Resources */ = {isa = PBXBuildFile; fileRef = 85253E1D29E8420900FDB0A9 /* Main.storyboard */; };
		85253E2129E8420B00FDB0A9 /* Assets.xcassets in Resources */ = {isa = PBXBuildFile; fileRef = 85253E2029E8420B00FDB0A9 /* Assets.xcassets */; };
		85253E2429E8420B00FDB0A9 /* LaunchScreen.storyboard in Resources */ = {isa = PBXBuildFile; fileRef = 85253E2229E8420B00FDB0A9 /* LaunchScreen.storyboard */; };
		85253E2D29E8426500FDB0A9 /* InfoViewController.swift in Sources */ = {isa = PBXBuildFile; fileRef = 85253E2C29E8426500FDB0A9 /* InfoViewController.swift */; };
/* End PBXBuildFile section */

/* Begin PBXFileReference section */
		85253E1429E8420900FDB0A9 /* BookLibrary.app */ = {isa = PBXFileReference; explicitFileType = wrapper.application; includeInIndex = 0; path = BookLibrary.app; sourceTree = BUILT_PRODUCTS_DIR; };
		85253E1729E8420900FDB0A9 /* AppDelegate.swift */ = {isa = PBXFileReference; lastKnownFileType = sourcecode.swift; path = AppDelegate.swift; sourceTree = "<group>"; };
		85253E1929E8420900FDB0A9 /* SceneDelegate.swift */ = {isa = PBXFileReference; lastKnownFileType = sourcecode.swift; path = SceneDelegate.swift; sourceTree = "<group>"; };
		85253E1B29E8420900FDB0A9 /* MainViewController.swift */ = {isa = PBXFileReference; lastKnownFileType = sourcecode.swift; path = MainViewController.swift; sourceTree = "<group>"; };
		85253E1E29E8420900FDB0A9 /* Base */ = {isa = PBXFileReference; lastKnownFileType = file.storyboard; name = Base; path = Base.lproj/Main.storyboard; sourceTree = "<group>"; };
		85253E2029E8420B00FDB0A9 /* Assets.xcassets */ = {isa = PBXFileReference; lastKnownFileType = folder.assetcatalog; path = Assets.xcassets; sourceTree = "<group>"; };
		85253E2329E8420B00FDB0A9 /* Base */ = {isa = PBXFileReference; lastKnownFileType = file.storyboard; name = Base; path = Base.lproj/LaunchScreen.storyboard; sourceTree = "<group>"; };
		85253E2529E8420B00FDB0A9 /* Info.plist */ = {isa = PBXFileReference; lastKnownFileType = text.plist.xml; path = Info.plist; sourceTree = "<group>"; };
		85253E2C29E8426500FDB0A9 /* InfoViewController.swift */ = {isa = PBXFileReference; lastKnownFileType = sourcecode.swift; path = InfoViewController.swift; sourceTree = "<group>"; };
/* End PBXFileReference section */

/* Begin PBXFrameworksBuildPhase section */
		85253E1129E8420900FDB0A9 /* Frameworks */ = {
			isa = PBXFrameworksBuildPhase;
			buildActionMask = 2147483647;
			files = (
			);
			runOnlyForDeploymentPostprocessing = 0;
		};
/* End PBXFrameworksBuildPhase section */

/* Begin PBXGroup section */
		85253E0B29E8420900FDB0A9 = {
			isa = PBXGroup;
			children = (
				85253E1629E8420900FDB0A9 /* BookLibrary */,
				85253E1529E8420900FDB0A9 /* Products */,
			);
			sourceTree = "<group>";
		};
		85253E1529E8420900FDB0A9 /* Products */ = {
			isa = PBXGroup;
			children = (
				85253E1429E8420900FDB0A9 /* BookLibrary.app */,
			);
			name = Products;
			sourceTree = "<group>";
		};
		85253E1629E8420900FDB0A9 /* BookLibrary */ = {
			isa = PBXGroup;
			children = (
				85253E2B29E8423D00FDB0A9 /* Scenses */,
				85253E3029E843A100FDB0A9 /* App */,
				85253E2E29E8437400FDB0A9 /* Resources */,
				85253E2F29E8438900FDB0A9 /* Support files */,
			);
			path = BookLibrary;
			sourceTree = "<group>";
		};
		85253E2B29E8423D00FDB0A9 /* Scenses */ = {
			isa = PBXGroup;
			children = (
				85253E3229E843B700FDB0A9 /* InfoScreen */,
				85253E3129E843AB00FDB0A9 /* MainScreen */,
			);
			path = Scenses;
			sourceTree = "<group>";
		};
		85253E2E29E8437400FDB0A9 /* Resources */ = {
			isa = PBXGroup;
			children = (
				85253E2029E8420B00FDB0A9 /* Assets.xcassets */,
				85253E1D29E8420900FDB0A9 /* Main.storyboard */,
				85253E2229E8420B00FDB0A9 /* LaunchScreen.storyboard */,
			);
			path = Resources;
			sourceTree = "<group>";
		};
		85253E2F29E8438900FDB0A9 /* Support files */ = {
			isa = PBXGroup;
			children = (
				85253E2529E8420B00FDB0A9 /* Info.plist */,
			);
			path = "Support files";
			sourceTree = "<group>";
		};
		85253E3029E843A100FDB0A9 /* App */ = {
			isa = PBXGroup;
			children = (
				85253E1729E8420900FDB0A9 /* AppDelegate.swift */,
				85253E1929E8420900FDB0A9 /* SceneDelegate.swift */,
			);
			path = App;
			sourceTree = "<group>";
		};
		85253E3129E843AB00FDB0A9 /* MainScreen */ = {
			isa = PBXGroup;
			children = (
				85253E1B29E8420900FDB0A9 /* MainViewController.swift */,
			);
			path = MainScreen;
			sourceTree = "<group>";
		};
		85253E3229E843B700FDB0A9 /* InfoScreen */ = {
			isa = PBXGroup;
			children = (
				85253E2C29E8426500FDB0A9 /* InfoViewController.swift */,
			);
			path = InfoScreen;
			sourceTree = "<group>";
		};
/* End PBXGroup section */

/* Begin PBXNativeTarget section */
		85253E1329E8420900FDB0A9 /* BookLibrary */ = {
			isa = PBXNativeTarget;
			buildConfigurationList = 85253E2829E8420B00FDB0A9 /* Build configuration list for PBXNativeTarget "BookLibrary" */;
			buildPhases = (
				85253E1029E8420900FDB0A9 /* Sources */,
				85253E1129E8420900FDB0A9 /* Frameworks */,
				85253E1229E8420900FDB0A9 /* Resources */,
			);
			buildRules = (
			);
			dependencies = (
			);
			name = BookLibrary;
			productName = BookLibrary;
			productReference = 85253E1429E8420900FDB0A9 /* BookLibrary.app */;
			productType = "com.apple.product-type.application";
		};
/* End PBXNativeTarget section */

/* Begin PBXProject section */
		85253E0C29E8420900FDB0A9 /* Project object */ = {
			isa = PBXProject;
			attributes = {
				BuildIndependentTargetsInParallel = 1;
				LastSwiftUpdateCheck = 1430;
				LastUpgradeCheck = 1430;
				TargetAttributes = {
					85253E1329E8420900FDB0A9 = {
						CreatedOnToolsVersion = 14.3;
					};
				};
			};
			buildConfigurationList = 85253E0F29E8420900FDB0A9 /* Build configuration list for PBXProject "BookLibrary" */;
			compatibilityVersion = "Xcode 14.0";
			developmentRegion = en;
			hasScannedForEncodings = 0;
			knownRegions = (
				en,
				Base,
			);
			mainGroup = 85253E0B29E8420900FDB0A9;
			productRefGroup = 85253E1529E8420900FDB0A9 /* Products */;
			projectDirPath = "";
			projectRoot = "";
			targets = (
				85253E1329E8420900FDB0A9 /* BookLibrary */,
			);
		};
/* End PBXProject section */

/* Begin PBXResourcesBuildPhase section */
		85253E1229E8420900FDB0A9 /* Resources */ = {
			isa = PBXResourcesBuildPhase;
			buildActionMask = 2147483647;
			files = (
				85253E2429E8420B00FDB0A9 /* LaunchScreen.storyboard in Resources */,
				85253E2129E8420B00FDB0A9 /* Assets.xcassets in Resources */,
				85253E1F29E8420900FDB0A9 /* Main.storyboard in Resources */,
			);
			runOnlyForDeploymentPostprocessing = 0;
		};
/* End PBXResourcesBuildPhase section */

/* Begin PBXSourcesBuildPhase section */
		85253E1029E8420900FDB0A9 /* Sources */ = {
			isa = PBXSourcesBuildPhase;
			buildActionMask = 2147483647;
			files = (
				85253E1C29E8420900FDB0A9 /* MainViewController.swift in Sources */,
				85253E1829E8420900FDB0A9 /* AppDelegate.swift in Sources */,
				85253E2D29E8426500FDB0A9 /* InfoViewController.swift in Sources */,
				85253E1A29E8420900FDB0A9 /* SceneDelegate.swift in Sources */,
			);
			runOnlyForDeploymentPostprocessing = 0;
		};
/* End PBXSourcesBuildPhase section */

/* Begin PBXVariantGroup section */
		85253E1D29E8420900FDB0A9 /* Main.storyboard */ = {
			isa = PBXVariantGroup;
			children = (
				85253E1E29E8420900FDB0A9 /* Base */,
			);
			name = Main.storyboard;
			sourceTree = "<group>";
		};
		85253E2229E8420B00FDB0A9 /* LaunchScreen.storyboard */ = {
			isa = PBXVariantGroup;
			children = (
				85253E2329E8420B00FDB0A9 /* Base */,
			);
			name = LaunchScreen.storyboard;
			sourceTree = "<group>";
		};
/* End PBXVariantGroup section */

/* Begin XCBuildConfiguration section */
		85253E2629E8420B00FDB0A9 /* Debug */ = {
			isa = XCBuildConfiguration;
			buildSettings = {
				ALWAYS_SEARCH_USER_PATHS = NO;
				CLANG_ANALYZER_NONNULL = YES;
				CLANG_ANALYZER_NUMBER_OBJECT_CONVERSION = YES_AGGRESSIVE;
				CLANG_CXX_LANGUAGE_STANDARD = "gnu++20";
				CLANG_ENABLE_MODULES = YES;
				CLANG_ENABLE_OBJC_ARC = YES;
				CLANG_ENABLE_OBJC_WEAK = YES;
				CLANG_WARN_BLOCK_CAPTURE_AUTORELEASING = YES;
				CLANG_WARN_BOOL_CONVERSION = YES;
				CLANG_WARN_COMMA = YES;
				CLANG_WARN_CONSTANT_CONVERSION = YES;
				CLANG_WARN_DEPRECATED_OBJC_IMPLEMENTATIONS = YES;
				CLANG_WARN_DIRECT_OBJC_ISA_USAGE = YES_ERROR;
				CLANG_WARN_DOCUMENTATION_COMMENTS = YES;
				CLANG_WARN_EMPTY_BODY = YES;
				CLANG_WARN_ENUM_CONVERSION = YES;
				CLANG_WARN_INFINITE_RECURSION = YES;
				CLANG_WARN_INT_CONVERSION = YES;
				CLANG_WARN_NON_LITERAL_NULL_CONVERSION = YES;
				CLANG_WARN_OBJC_IMPLICIT_RETAIN_SELF = YES;
				CLANG_WARN_OBJC_LITERAL_CONVERSION = YES;
				CLANG_WARN_OBJC_ROOT_CLASS = YES_ERROR;
				CLANG_WARN_QUOTED_INCLUDE_IN_FRAMEWORK_HEADER = YES;
				CLANG_WARN_RANGE_LOOP_ANALYSIS = YES;
				CLANG_WARN_STRICT_PROTOTYPES = YES;
				CLANG_WARN_SUSPICIOUS_MOVE = YES;
				CLANG_WARN_UNGUARDED_AVAILABILITY = YES_AGGRESSIVE;
				CLANG_WARN_UNREACHABLE_CODE = YES;
				CLANG_WARN__DUPLICATE_METHOD_MATCH = YES;
				COPY_PHASE_STRIP = NO;
				DEBUG_INFORMATION_FORMAT = dwarf;
				ENABLE_STRICT_OBJC_MSGSEND = YES;
				ENABLE_TESTABILITY = YES;
				GCC_C_LANGUAGE_STANDARD = gnu11;
				GCC_DYNAMIC_NO_PIC = NO;
				GCC_NO_COMMON_BLOCKS = YES;
				GCC_OPTIMIZATION_LEVEL = 0;
				GCC_PREPROCESSOR_DEFINITIONS = (
					"DEBUG=1",
					"$(inherited)",
				);
				GCC_WARN_64_TO_32_BIT_CONVERSION = YES;
				GCC_WARN_ABOUT_RETURN_TYPE = YES_ERROR;
				GCC_WARN_UNDECLARED_SELECTOR = YES;
				GCC_WARN_UNINITIALIZED_AUTOS = YES_AGGRESSIVE;
				GCC_WARN_UNUSED_FUNCTION = YES;
				GCC_WARN_UNUSED_VARIABLE = YES;
				IPHONEOS_DEPLOYMENT_TARGET = 16.4;
				MTL_ENABLE_DEBUG_INFO = INCLUDE_SOURCE;
				MTL_FAST_MATH = YES;
				ONLY_ACTIVE_ARCH = YES;
				SDKROOT = iphoneos;
				SWIFT_ACTIVE_COMPILATION_CONDITIONS = DEBUG;
				SWIFT_OPTIMIZATION_LEVEL = "-Onone";
			};
			name = Debug;
		};
		85253E2729E8420B00FDB0A9 /* Release */ = {
			isa = XCBuildConfiguration;
			buildSettings = {
				ALWAYS_SEARCH_USER_PATHS = NO;
				CLANG_ANALYZER_NONNULL = YES;
				CLANG_ANALYZER_NUMBER_OBJECT_CONVERSION = YES_AGGRESSIVE;
				CLANG_CXX_LANGUAGE_STANDARD = "gnu++20";
				CLANG_ENABLE_MODULES = YES;
				CLANG_ENABLE_OBJC_ARC = YES;
				CLANG_ENABLE_OBJC_WEAK = YES;
				CLANG_WARN_BLOCK_CAPTURE_AUTORELEASING = YES;
				CLANG_WARN_BOOL_CONVERSION = YES;
				CLANG_WARN_COMMA = YES;
				CLANG_WARN_CONSTANT_CONVERSION = YES;
				CLANG_WARN_DEPRECATED_OBJC_IMPLEMENTATIONS = YES;
				CLANG_WARN_DIRECT_OBJC_ISA_USAGE = YES_ERROR;
				CLANG_WARN_DOCUMENTATION_COMMENTS = YES;
				CLANG_WARN_EMPTY_BODY = YES;
				CLANG_WARN_ENUM_CONVERSION = YES;
				CLANG_WARN_INFINITE_RECURSION = YES;
				CLANG_WARN_INT_CONVERSION = YES;
				CLANG_WARN_NON_LITERAL_NULL_CONVERSION = YES;
				CLANG_WARN_OBJC_IMPLICIT_RETAIN_SELF = YES;
				CLANG_WARN_OBJC_LITERAL_CONVERSION = YES;
				CLANG_WARN_OBJC_ROOT_CLASS = YES_ERROR;
				CLANG_WARN_QUOTED_INCLUDE_IN_FRAMEWORK_HEADER = YES;
				CLANG_WARN_RANGE_LOOP_ANALYSIS = YES;
				CLANG_WARN_STRICT_PROTOTYPES = YES;
				CLANG_WARN_SUSPICIOUS_MOVE = YES;
				CLANG_WARN_UNGUARDED_AVAILABILITY = YES_AGGRESSIVE;
				CLANG_WARN_UNREACHABLE_CODE = YES;
				CLANG_WARN__DUPLICATE_METHOD_MATCH = YES;
				COPY_PHASE_STRIP = NO;
				DEBUG_INFORMATION_FORMAT = "dwarf-with-dsym";
				ENABLE_NS_ASSERTIONS = NO;
				ENABLE_STRICT_OBJC_MSGSEND = YES;
				GCC_C_LANGUAGE_STANDARD = gnu11;
				GCC_NO_COMMON_BLOCKS = YES;
				GCC_WARN_64_TO_32_BIT_CONVERSION = YES;
				GCC_WARN_ABOUT_RETURN_TYPE = YES_ERROR;
				GCC_WARN_UNDECLARED_SELECTOR = YES;
				GCC_WARN_UNINITIALIZED_AUTOS = YES_AGGRESSIVE;
				GCC_WARN_UNUSED_FUNCTION = YES;
				GCC_WARN_UNUSED_VARIABLE = YES;
				IPHONEOS_DEPLOYMENT_TARGET = 16.4;
				MTL_ENABLE_DEBUG_INFO = NO;
				MTL_FAST_MATH = YES;
				SDKROOT = iphoneos;
				SWIFT_COMPILATION_MODE = wholemodule;
				SWIFT_OPTIMIZATION_LEVEL = "-O";
				VALIDATE_PRODUCT = YES;
			};
			name = Release;
		};
		85253E2929E8420B00FDB0A9 /* Debug */ = {
			isa = XCBuildConfiguration;
			buildSettings = {
				ASSETCATALOG_COMPILER_APPICON_NAME = AppIcon;
				ASSETCATALOG_COMPILER_GLOBAL_ACCENT_COLOR_NAME = AccentColor;
				CODE_SIGN_STYLE = Automatic;
				CURRENT_PROJECT_VERSION = 1;
				DEVELOPMENT_TEAM = 36SLD3SQ2W;
				GENERATE_INFOPLIST_FILE = YES;
				INFOPLIST_FILE = BookLibrary/Info.plist;
				INFOPLIST_KEY_UIApplicationSupportsIndirectInputEvents = YES;
				INFOPLIST_KEY_UILaunchStoryboardName = LaunchScreen;
				INFOPLIST_KEY_UIMainStoryboardFile = Main;
				INFOPLIST_KEY_UISupportedInterfaceOrientations_iPad = "UIInterfaceOrientationPortrait UIInterfaceOrientationPortraitUpsideDown UIInterfaceOrientationLandscapeLeft UIInterfaceOrientationLandscapeRight";
				INFOPLIST_KEY_UISupportedInterfaceOrientations_iPhone = "UIInterfaceOrientationPortrait UIInterfaceOrientationLandscapeLeft UIInterfaceOrientationLandscapeRight";
				LD_RUNPATH_SEARCH_PATHS = (
					"$(inherited)",
					"@executable_path/Frameworks",
				);
				MARKETING_VERSION = 1.0;
				PRODUCT_BUNDLE_IDENTIFIER = PreviewProject.BookLibrary;
				PRODUCT_NAME = "$(TARGET_NAME)";
				SWIFT_EMIT_LOC_STRINGS = YES;
				SWIFT_VERSION = 5.0;
				TARGETED_DEVICE_FAMILY = "1,2";
			};
			name = Debug;
		};
		85253E2A29E8420B00FDB0A9 /* Release */ = {
			isa = XCBuildConfiguration;
			buildSettings = {
				ASSETCATALOG_COMPILER_APPICON_NAME = AppIcon;
				ASSETCATALOG_COMPILER_GLOBAL_ACCENT_COLOR_NAME = AccentColor;
				CODE_SIGN_STYLE = Automatic;
				CURRENT_PROJECT_VERSION = 1;
				DEVELOPMENT_TEAM = 36SLD3SQ2W;
				GENERATE_INFOPLIST_FILE = YES;
				INFOPLIST_FILE = BookLibrary/Info.plist;
				INFOPLIST_KEY_UIApplicationSupportsIndirectInputEvents = YES;
				INFOPLIST_KEY_UILaunchStoryboardName = LaunchScreen;
				INFOPLIST_KEY_UIMainStoryboardFile = Main;
				INFOPLIST_KEY_UISupportedInterfaceOrientations_iPad = "UIInterfaceOrientationPortrait UIInterfaceOrientationPortraitUpsideDown UIInterfaceOrientationLandscapeLeft UIInterfaceOrientationLandscapeRight";
				INFOPLIST_KEY_UISupportedInterfaceOrientations_iPhone = "UIInterfaceOrientationPortrait UIInterfaceOrientationLandscapeLeft UIInterfaceOrientationLandscapeRight";
				LD_RUNPATH_SEARCH_PATHS = (
					"$(inherited)",
					"@executable_path/Frameworks",
				);
				MARKETING_VERSION = 1.0;
				PRODUCT_BUNDLE_IDENTIFIER = PreviewProject.BookLibrary;
				PRODUCT_NAME = "$(TARGET_NAME)";
				SWIFT_EMIT_LOC_STRINGS = YES;
				SWIFT_VERSION = 5.0;
				TARGETED_DEVICE_FAMILY = "1,2";
			};
			name = Release;
		};
/* End XCBuildConfiguration section */

/* Begin XCConfigurationList section */
		85253E0F29E8420900FDB0A9 /* Build configuration list for PBXProject "BookLibrary" */ = {
			isa = XCConfigurationList;
			buildConfigurations = (
				85253E2629E8420B00FDB0A9 /* Debug */,
				85253E2729E8420B00FDB0A9 /* Release */,
			);
			defaultConfigurationIsVisible = 0;
			defaultConfigurationName = Release;
		};
		85253E2829E8420B00FDB0A9 /* Build configuration list for PBXNativeTarget "BookLibrary" */ = {
			isa = XCConfigurationList;
			buildConfigurations = (
				85253E2929E8420B00FDB0A9 /* Debug */,
				85253E2A29E8420B00FDB0A9 /* Release */,
			);
			defaultConfigurationIsVisible = 0;
			defaultConfigurationName = Release;
		};
/* End XCConfigurationList section */
	};
	rootObject = 85253E0C29E8420900FDB0A9 /* Project object */;
}
